# THIS IS AN AUTOGENERATED FILE. DO NOT EDIT THIS FILE DIRECTLY.
# yarn lockfile v1


"@girs/accountsservice-1.0@^1.0.0-4.0.0-beta.12":
  version "1.0.0-4.0.0-beta.16"
  resolved "https://registry.yarnpkg.com/@girs/accountsservice-1.0/-/accountsservice-1.0-1.0.0-4.0.0-beta.16.tgz#76f7e9c26f1aa416f1bf7dadc4fafc7b23fb3966"
  integrity sha512-g4+3G948dI3APDcFFDO1XaIG7w15MEXkjjmu+Fu3AVK6Aa8edTClhnmuwuZrzVSZBS6880dZ18rJngjCNCHT7w==
  dependencies:
    "@girs/gio-2.0" "^2.82.0-4.0.0-beta.16"
    "@girs/gjs" "^4.0.0-beta.16"
    "@girs/glib-2.0" "^2.82.0-4.0.0-beta.16"
    "@girs/gmodule-2.0" "^2.0.0-4.0.0-beta.16"
    "@girs/gobject-2.0" "^2.82.0-4.0.0-beta.16"

"@girs/adw-1@^1.6.0-4.0.0-beta.12":
  version "1.6.0-4.0.0-beta.16"
  resolved "https://registry.yarnpkg.com/@girs/adw-1/-/adw-1-1.6.0-4.0.0-beta.16.tgz#b275d3406408a4d38ae6703a469663326d06eef2"
  integrity sha512-ck4+j77/CFmJu1JausjyEfT54CmASQgd6J74BZRWRQyJYj+z2J+x0YJ8EON+HcX8Sh6KvlyD8ydg4pmTpgO2/w==
  dependencies:
    "@girs/cairo-1.0" "^1.0.0-4.0.0-beta.16"
    "@girs/freetype2-2.0" "^2.0.0-4.0.0-beta.16"
    "@girs/gdk-4.0" "^4.0.0-4.0.0-beta.16"
    "@girs/gdkpixbuf-2.0" "^2.0.0-4.0.0-beta.16"
    "@girs/gio-2.0" "^2.82.0-4.0.0-beta.16"
    "@girs/gjs" "^4.0.0-beta.16"
    "@girs/glib-2.0" "^2.82.0-4.0.0-beta.16"
    "@girs/gmodule-2.0" "^2.0.0-4.0.0-beta.16"
    "@girs/gobject-2.0" "^2.82.0-4.0.0-beta.16"
    "@girs/graphene-1.0" "^1.0.0-4.0.0-beta.16"
    "@girs/gsk-4.0" "^4.0.0-4.0.0-beta.16"
    "@girs/gtk-4.0" "^4.15.5-4.0.0-beta.16"
    "@girs/harfbuzz-0.0" "^9.0.0-4.0.0-beta.16"
    "@girs/pango-1.0" "^1.54.0-4.0.0-beta.16"
    "@girs/pangocairo-1.0" "^1.0.0-4.0.0-beta.16"

"@girs/atk-1.0@^2.52.0-4.0.0-beta.12":
  version "2.52.0-4.0.0-beta.15"
  resolved "https://registry.yarnpkg.com/@girs/atk-1.0/-/atk-1.0-2.52.0-4.0.0-beta.15.tgz#37ef604395d5c9562e3c6dd20c8d1a061b8784fa"
  integrity sha512-/3l0yE/xyxhnIlju8moS+OlRir3gxCoaxXNrdpDXKiPAz/sBMYN4PGBgbd/7rYljMJEwnZMC2o9tyTKsIYaSwQ==
  dependencies:
    "@girs/gjs" "^4.0.0-beta.15"
    "@girs/glib-2.0" "^2.80.3-4.0.0-beta.15"
    "@girs/gobject-2.0" "^2.80.3-4.0.0-beta.15"

"@girs/atk-1.0@^2.53.1-4.0.0-beta.16":
  version "2.53.1-4.0.0-beta.16"
  resolved "https://registry.yarnpkg.com/@girs/atk-1.0/-/atk-1.0-2.53.1-4.0.0-beta.16.tgz#c3dd26c450752934244722fb17588a75e9246341"
  integrity sha512-PqF8SK3zBqxeBcXbeimoio0+dGHoRrn1r/DI/CumLJbE9vgvG8G0E/5U7Y3ELNNRurOx4KLbpb1HmLAyTP3S3w==
  dependencies:
    "@girs/gjs" "^4.0.0-beta.16"
    "@girs/glib-2.0" "^2.82.0-4.0.0-beta.16"
    "@girs/gobject-2.0" "^2.82.0-4.0.0-beta.16"

"@girs/cairo-1.0@^1.0.0-4.0.0-beta.14", "@girs/cairo-1.0@^1.0.0-4.0.0-beta.16":
  version "1.0.0-4.0.0-beta.16"
  resolved "https://registry.yarnpkg.com/@girs/cairo-1.0/-/cairo-1.0-1.0.0-4.0.0-beta.16.tgz#47c8b41a966c3156580922b772c34230b631372d"
  integrity sha512-nIrOvL73lhCHB/4n4ro7Ud4XaR0DrUg+MvCN/B42L2eCS8YIZ0MHZ+Fma0shifDQyv8uoopHfE5I7X/v7VOYFg==
  dependencies:
    "@girs/gjs" "^4.0.0-beta.16"
    "@girs/glib-2.0" "^2.82.0-4.0.0-beta.16"
    "@girs/gobject-2.0" "^2.82.0-4.0.0-beta.16"

"@girs/cally-14@^14.0.0-4.0.0-beta.12", "@girs/cally-14@^14.0.0-4.0.0-beta.16":
  version "14.0.0-4.0.0-beta.16"
  resolved "https://registry.yarnpkg.com/@girs/cally-14/-/cally-14-14.0.0-4.0.0-beta.16.tgz#8333788f95caf7ab03126f810f1b031cc0eaad0e"
  integrity sha512-QD4pH4Mj8rIhIP+LMOqGDMeiRKQ1ONY0Gn/ZUuLCGwzcH51F7ubhHYYA0tmDzBbzM1yQLWL2yhuRhT+SYa9IOw==
  dependencies:
    "@girs/atk-1.0" "^2.53.1-4.0.0-beta.16"
    "@girs/cairo-1.0" "^1.0.0-4.0.0-beta.16"
    "@girs/clutter-14" "^14.0.0-4.0.0-beta.16"
    "@girs/cogl-14" "^14.0.0-4.0.0-beta.16"
    "@girs/coglpango-14" "^14.0.0-4.0.0-beta.16"
    "@girs/freetype2-2.0" "^2.0.0-4.0.0-beta.16"
    "@girs/gio-2.0" "^2.82.0-4.0.0-beta.16"
    "@girs/gjs" "^4.0.0-beta.16"
    "@girs/gl-1.0" "^1.0.0-4.0.0-beta.16"
    "@girs/glib-2.0" "^2.82.0-4.0.0-beta.16"
    "@girs/gmodule-2.0" "^2.0.0-4.0.0-beta.16"
    "@girs/gobject-2.0" "^2.82.0-4.0.0-beta.16"
    "@girs/graphene-1.0" "^1.0.0-4.0.0-beta.16"
    "@girs/harfbuzz-0.0" "^9.0.0-4.0.0-beta.16"
    "@girs/mtk-14" "^14.0.0-4.0.0-beta.16"
    "@girs/pango-1.0" "^1.54.0-4.0.0-beta.16"
    "@girs/pangocairo-1.0" "^1.0.0-4.0.0-beta.16"
    "@girs/xlib-2.0" "^2.0.0-4.0.0-beta.16"

"@girs/clutter-14@^14.0.0-4.0.0-beta.12", "@girs/clutter-14@^14.0.0-4.0.0-beta.16":
  version "14.0.0-4.0.0-beta.16"
  resolved "https://registry.yarnpkg.com/@girs/clutter-14/-/clutter-14-14.0.0-4.0.0-beta.16.tgz#0ab62aa18c0381c6963ee984b482d7c872aa1ac3"
  integrity sha512-aWBUwYfETPR2z3oMOygbKSBrdFr7c1OtjFpwAfjYRXKHy+loEjf+eRFWbnk7/UZgN0SqvZjfB3I5ji2RvhtWmg==
  dependencies:
    "@girs/atk-1.0" "^2.53.1-4.0.0-beta.16"
    "@girs/cairo-1.0" "^1.0.0-4.0.0-beta.16"
    "@girs/cogl-14" "^14.0.0-4.0.0-beta.16"
    "@girs/coglpango-14" "^14.0.0-4.0.0-beta.16"
    "@girs/freetype2-2.0" "^2.0.0-4.0.0-beta.16"
    "@girs/gio-2.0" "^2.82.0-4.0.0-beta.16"
    "@girs/gjs" "^4.0.0-beta.16"
    "@girs/gl-1.0" "^1.0.0-4.0.0-beta.16"
    "@girs/glib-2.0" "^2.82.0-4.0.0-beta.16"
    "@girs/gmodule-2.0" "^2.0.0-4.0.0-beta.16"
    "@girs/gobject-2.0" "^2.82.0-4.0.0-beta.16"
    "@girs/graphene-1.0" "^1.0.0-4.0.0-beta.16"
    "@girs/harfbuzz-0.0" "^9.0.0-4.0.0-beta.16"
    "@girs/mtk-14" "^14.0.0-4.0.0-beta.16"
    "@girs/pango-1.0" "^1.54.0-4.0.0-beta.16"
    "@girs/pangocairo-1.0" "^1.0.0-4.0.0-beta.16"
    "@girs/xlib-2.0" "^2.0.0-4.0.0-beta.16"

"@girs/cogl-14@^14.0.0-4.0.0-beta.16":
  version "14.0.0-4.0.0-beta.16"
  resolved "https://registry.yarnpkg.com/@girs/cogl-14/-/cogl-14-14.0.0-4.0.0-beta.16.tgz#ccfd717144cf9cd08ccb5d675a207f4bcaf9fb7d"
  integrity sha512-rbSW/azu5WpWQqfHSV8d8whLR/n90lrlfi+ofRuMwqYIn5E/Ppq185o2dWu9yWJE/KILJ9A/kjuERLMjIwaNzg==
  dependencies:
    "@girs/gjs" "^4.0.0-beta.16"
    "@girs/gl-1.0" "^1.0.0-4.0.0-beta.16"
    "@girs/glib-2.0" "^2.82.0-4.0.0-beta.16"
    "@girs/gobject-2.0" "^2.82.0-4.0.0-beta.16"
    "@girs/graphene-1.0" "^1.0.0-4.0.0-beta.16"
    "@girs/mtk-14" "^14.0.0-4.0.0-beta.16"
    "@girs/xlib-2.0" "^2.0.0-4.0.0-beta.16"

"@girs/cogl-2.0@^2.0.0-4.0.0-beta.12":
  version "2.0.0-4.0.0-beta.16"
  resolved "https://registry.yarnpkg.com/@girs/cogl-2.0/-/cogl-2.0-2.0.0-4.0.0-beta.16.tgz#48d822d75ec061c61b4dbef01680cd5281fbab60"
  integrity sha512-mB1ns4tTeDkhUlNtNPj53ZEpgI1EYmXxXZT7m5oT4/rC5xb2LMPiNN3a1BwMlBqHXZFT/LJo/XcNDRs2e1e2hQ==
  dependencies:
    "@girs/gjs" "^4.0.0-beta.16"
    "@girs/gl-1.0" "^1.0.0-4.0.0-beta.16"
    "@girs/glib-2.0" "^2.82.0-4.0.0-beta.16"
    "@girs/gobject-2.0" "^2.82.0-4.0.0-beta.16"

"@girs/coglpango-14@^14.0.0-4.0.0-beta.16":
  version "14.0.0-4.0.0-beta.16"
  resolved "https://registry.yarnpkg.com/@girs/coglpango-14/-/coglpango-14-14.0.0-4.0.0-beta.16.tgz#9edc4d97567aefffc4180e6c84ab9d52e9fc61a5"
  integrity sha512-PaRkGYs0iEtHitMejw9E6Ew20tzV8n/2YaWxqQ0BqtOx/vFrrt+dIk+Yuv5PJh2izT42lAHA2tZVpYHd3D36Aw==
  dependencies:
    "@girs/cairo-1.0" "^1.0.0-4.0.0-beta.16"
    "@girs/cogl-14" "^14.0.0-4.0.0-beta.16"
    "@girs/freetype2-2.0" "^2.0.0-4.0.0-beta.16"
    "@girs/gio-2.0" "^2.82.0-4.0.0-beta.16"
    "@girs/gjs" "^4.0.0-beta.16"
    "@girs/gl-1.0" "^1.0.0-4.0.0-beta.16"
    "@girs/glib-2.0" "^2.82.0-4.0.0-beta.16"
    "@girs/gmodule-2.0" "^2.0.0-4.0.0-beta.16"
    "@girs/gobject-2.0" "^2.82.0-4.0.0-beta.16"
    "@girs/graphene-1.0" "^1.0.0-4.0.0-beta.16"
    "@girs/harfbuzz-0.0" "^9.0.0-4.0.0-beta.16"
    "@girs/mtk-14" "^14.0.0-4.0.0-beta.16"
    "@girs/pango-1.0" "^1.54.0-4.0.0-beta.16"
    "@girs/pangocairo-1.0" "^1.0.0-4.0.0-beta.16"
    "@girs/xlib-2.0" "^2.0.0-4.0.0-beta.16"

"@girs/freetype2-2.0@^2.0.0-4.0.0-beta.14", "@girs/freetype2-2.0@^2.0.0-4.0.0-beta.15", "@girs/freetype2-2.0@^2.0.0-4.0.0-beta.16":
  version "2.0.0-4.0.0-beta.16"
  resolved "https://registry.yarnpkg.com/@girs/freetype2-2.0/-/freetype2-2.0-2.0.0-4.0.0-beta.16.tgz#4188b82b28e2000f56d30ad31474f6d8b6791c8d"
  integrity sha512-djReh9OOKW5vG8t94ie4mQmsUWS4qgLWLMBIFg/KKcCrGHYgwkcSafLnnn/5HyRgdz6qxoFm6N3C+AJEcYYz6A==
  dependencies:
    "@girs/gjs" "^4.0.0-beta.16"
    "@girs/gobject-2.0" "^2.82.0-4.0.0-beta.16"

"@girs/gck-2@^4.3.0-4.0.0-beta.16":
  version "4.3.0-4.0.0-beta.16"
  resolved "https://registry.yarnpkg.com/@girs/gck-2/-/gck-2-4.3.0-4.0.0-beta.16.tgz#254609db02ad1bbd3c9f99394d5706143935be1c"
  integrity sha512-likq9sWtB8WQtGX0XpoV73545kjC7WJCATzOSzjCMaKqoiflA16P3+8tqLFw+Xyos3BY/0wiZ1388feP8Pw3qQ==
  dependencies:
    "@girs/gio-2.0" "^2.82.0-4.0.0-beta.16"
    "@girs/gjs" "^4.0.0-beta.16"
    "@girs/glib-2.0" "^2.82.0-4.0.0-beta.16"
    "@girs/gmodule-2.0" "^2.0.0-4.0.0-beta.16"
    "@girs/gobject-2.0" "^2.82.0-4.0.0-beta.16"

"@girs/gcr-4@^4.3.0-4.0.0-beta.12", "@girs/gcr-4@^4.3.0-4.0.0-beta.16":
  version "4.3.0-4.0.0-beta.16"
  resolved "https://registry.yarnpkg.com/@girs/gcr-4/-/gcr-4-4.3.0-4.0.0-beta.16.tgz#abde2fa86f41adb6d30d49ff4ad26f591d6e3daf"
  integrity sha512-74v0NjdSKDtq+oB0dUgeMUKO8VDz0gZ6AHqPfu+wvKcioP1X+HGcNh+NwpHYigK7smZTQhDrAUGtvLm0n3AfUw==
  dependencies:
    "@girs/gck-2" "^4.3.0-4.0.0-beta.16"
    "@girs/gio-2.0" "^2.82.0-4.0.0-beta.16"
    "@girs/gjs" "^4.0.0-beta.16"
    "@girs/glib-2.0" "^2.82.0-4.0.0-beta.16"
    "@girs/gmodule-2.0" "^2.0.0-4.0.0-beta.16"
    "@girs/gobject-2.0" "^2.82.0-4.0.0-beta.16"

"@girs/gdesktopenums-3.0@^3.0.0-4.0.0-beta.16":
  version "3.0.0-4.0.0-beta.16"
  resolved "https://registry.yarnpkg.com/@girs/gdesktopenums-3.0/-/gdesktopenums-3.0-3.0.0-4.0.0-beta.16.tgz#392f10d001f7bfdafbbb43b12956dd3984553ef3"
  integrity sha512-di9mYw1Tu++Z+htJqJHSelLAJxDGhpOzTDPpncTTj7SHx5PqX5ZO7IhmQ+9Rey6MOUV9GsFOB1fuJsMlupxn3g==
  dependencies:
    "@girs/gjs" "^4.0.0-beta.16"
    "@girs/gobject-2.0" "^2.82.0-4.0.0-beta.16"

"@girs/gdk-4.0@^4.0.0-4.0.0-beta.14", "@girs/gdk-4.0@^4.0.0-4.0.0-beta.16":
  version "4.0.0-4.0.0-beta.16"
  resolved "https://registry.yarnpkg.com/@girs/gdk-4.0/-/gdk-4.0-4.0.0-4.0.0-beta.16.tgz#21a9be168f0e44cc257b15866257998a1fc8f9af"
  integrity sha512-vVi22uEwYvXjW9+3Y1SOEPELx+QcXur8OBHDTTC9A4PSFa7LxHWxyDfa39kllq1gp160G4mQ4ae8Sm1FDza1AA==
  dependencies:
    "@girs/cairo-1.0" "^1.0.0-4.0.0-beta.16"
    "@girs/freetype2-2.0" "^2.0.0-4.0.0-beta.16"
    "@girs/gdkpixbuf-2.0" "^2.0.0-4.0.0-beta.16"
    "@girs/gio-2.0" "^2.82.0-4.0.0-beta.16"
    "@girs/gjs" "^4.0.0-beta.16"
    "@girs/glib-2.0" "^2.82.0-4.0.0-beta.16"
    "@girs/gmodule-2.0" "^2.0.0-4.0.0-beta.16"
    "@girs/gobject-2.0" "^2.82.0-4.0.0-beta.16"
    "@girs/harfbuzz-0.0" "^9.0.0-4.0.0-beta.16"
    "@girs/pango-1.0" "^1.54.0-4.0.0-beta.16"
    "@girs/pangocairo-1.0" "^1.0.0-4.0.0-beta.16"

"@girs/gdkpixbuf-2.0@^2.0.0-4.0.0-beta.14", "@girs/gdkpixbuf-2.0@^2.0.0-4.0.0-beta.16":
  version "2.0.0-4.0.0-beta.16"
  resolved "https://registry.yarnpkg.com/@girs/gdkpixbuf-2.0/-/gdkpixbuf-2.0-2.0.0-4.0.0-beta.16.tgz#11f77bab6540814ccc7c32a0519ec46ceb0a9056"
  integrity sha512-d4v7fGCuegpf5sscnMsOCjeuQgJjUJ4+Gozr+wFL30Are944V1FYWrdWP1GgIaNnBeWXY43D58YFQhsfFi+bWg==
  dependencies:
    "@girs/gio-2.0" "^2.82.0-4.0.0-beta.16"
    "@girs/gjs" "^4.0.0-beta.16"
    "@girs/glib-2.0" "^2.82.0-4.0.0-beta.16"
    "@girs/gmodule-2.0" "^2.0.0-4.0.0-beta.16"
    "@girs/gobject-2.0" "^2.82.0-4.0.0-beta.16"

"@girs/gdm-1.0@^1.0.0-4.0.0-beta.12":
  version "1.0.0-4.0.0-beta.16"
  resolved "https://registry.yarnpkg.com/@girs/gdm-1.0/-/gdm-1.0-1.0.0-4.0.0-beta.16.tgz#12bde708d28701678c141910cfb9ac8d0b48b889"
  integrity sha512-pfoSspUtiX3fNLnYTk8wn7H7aMxAWtSaRiXzhAGaO2A1iRy2yJ46nwEWvdgLdG7gN5dRWQNYGghh/27sC7jRRQ==
  dependencies:
    "@girs/gio-2.0" "^2.82.0-4.0.0-beta.16"
    "@girs/gjs" "^4.0.0-beta.16"
    "@girs/glib-2.0" "^2.82.0-4.0.0-beta.16"
    "@girs/gmodule-2.0" "^2.0.0-4.0.0-beta.16"
    "@girs/gobject-2.0" "^2.82.0-4.0.0-beta.16"

"@girs/gio-2.0@^2.80.3-4.0.0-beta.12", "@girs/gio-2.0@^2.80.3-4.0.0-beta.14", "@girs/gio-2.0@^2.80.3-4.0.0-beta.15":
  version "2.80.3-4.0.0-beta.15"
  resolved "https://registry.yarnpkg.com/@girs/gio-2.0/-/gio-2.0-2.80.3-4.0.0-beta.15.tgz#7befe91393d9946426a9ebf5a7be1ae3b2df2651"
  integrity sha512-KxfB+pkmXeFzA/5MBCy+U2/lOLDrA4ct/oVf9mt3iwzJ+xthUNQq/GyN6krIzM+mWwD/itTDUa+f2nEvRHskrg==
  dependencies:
    "@girs/gjs" "^4.0.0-beta.15"
    "@girs/glib-2.0" "^2.80.3-4.0.0-beta.15"
    "@girs/gobject-2.0" "^2.80.3-4.0.0-beta.15"

"@girs/gio-2.0@^2.82.0-4.0.0-beta.16":
  version "2.82.0-4.0.0-beta.16"
  resolved "https://registry.yarnpkg.com/@girs/gio-2.0/-/gio-2.0-2.82.0-4.0.0-beta.16.tgz#57fccf3bb673aa5a2884eaee67803f0a61e37a71"
  integrity sha512-5JW6qgyzh3OW7dEihP+h2ZtXWw7kDXi/ra63ZscnYqUIuoebqaSB66HFzd3AMyDYYQ7j8IGZdJCog+6kKwnk8Q==
  dependencies:
    "@girs/gjs" "^4.0.0-beta.16"
    "@girs/glib-2.0" "^2.82.0-4.0.0-beta.16"
    "@girs/gmodule-2.0" "^2.0.0-4.0.0-beta.16"
    "@girs/gobject-2.0" "^2.82.0-4.0.0-beta.16"

"@girs/gjs@^4.0.0-beta.12", "@girs/gjs@^4.0.0-beta.14", "@girs/gjs@^4.0.0-beta.15", "@girs/gjs@^4.0.0-beta.16":
  version "4.0.0-beta.16"
  resolved "https://registry.yarnpkg.com/@girs/gjs/-/gjs-4.0.0-beta.16.tgz#0dd248d0bf5a14da4996dabe6662a2cd3c356850"
  integrity sha512-UjWj6GXXCqJ+z8DdzQ2XYxl1IqzgcIOIs6BTcEsXQfaZx9704GNpd9PRcqOKj7hVe2VGqO5VdIbk80u9Bo+lUQ==
  dependencies:
    "@girs/cairo-1.0" "^1.0.0-4.0.0-beta.16"
    "@girs/gio-2.0" "^2.82.0-4.0.0-beta.16"
    "@girs/glib-2.0" "^2.82.0-4.0.0-beta.16"
    "@girs/gobject-2.0" "^2.82.0-4.0.0-beta.16"

"@girs/gl-1.0@^1.0.0-4.0.0-beta.16":
  version "1.0.0-4.0.0-beta.16"
  resolved "https://registry.yarnpkg.com/@girs/gl-1.0/-/gl-1.0-1.0.0-4.0.0-beta.16.tgz#b1dc26484f4ad893b97a7b435ec7858e92007fd1"
  integrity sha512-/0zdgA+ptwjhW70XnkaNPYJF5mA/H0L9x3bacA+Pj1VwuGGppHFpT/PYvqaDeOPpOMUUCgBrJXXqTt3gh6b6lQ==
  dependencies:
    "@girs/gjs" "^4.0.0-beta.16"
    "@girs/gobject-2.0" "^2.82.0-4.0.0-beta.16"

"@girs/glib-2.0@^2.80.3-4.0.0-beta.12", "@girs/glib-2.0@^2.80.3-4.0.0-beta.14", "@girs/glib-2.0@^2.80.3-4.0.0-beta.15":
  version "2.80.3-4.0.0-beta.15"
  resolved "https://registry.yarnpkg.com/@girs/glib-2.0/-/glib-2.0-2.80.3-4.0.0-beta.15.tgz#3023746b1c2fa9a7c3aada6203bdb1ef7aa5e6ed"
  integrity sha512-v9UJ83i+zFnicPsjYhw54Q55DVQ6oqfmef4EKXvsfjKYZF7WiaUWVp/dGAIUzanR0FGbdme6myZRJvYZp9EHcA==
  dependencies:
    "@girs/gjs" "^4.0.0-beta.15"
    "@girs/gobject-2.0" "^2.80.3-4.0.0-beta.15"

"@girs/glib-2.0@^2.82.0-4.0.0-beta.16":
  version "2.82.0-4.0.0-beta.16"
  resolved "https://registry.yarnpkg.com/@girs/glib-2.0/-/glib-2.0-2.82.0-4.0.0-beta.16.tgz#4f037ae7f50efa54408174a14526f107789f6b02"
  integrity sha512-YZjsythyPhClrq0uEGq8rBJ8ER0iBPf3alr1kkSOt28tDG4tn0Rv2kudHEKsFenlFjzhYVOMrJSjVvsxtcqRUQ==
  dependencies:
    "@girs/gjs" "^4.0.0-beta.16"
    "@girs/gobject-2.0" "^2.82.0-4.0.0-beta.16"

"@girs/gmodule-2.0@^2.0.0-4.0.0-beta.14", "@girs/gmodule-2.0@^2.0.0-4.0.0-beta.16":
  version "2.0.0-4.0.0-beta.16"
  resolved "https://registry.yarnpkg.com/@girs/gmodule-2.0/-/gmodule-2.0-2.0.0-4.0.0-beta.16.tgz#f986c6830089d10ce28ce0d8a10631f961fb3d01"
  integrity sha512-jhl7j0JOtttJnOFQ4OypPjGP5DL8AlEiSsd8YKpXI3CEC7tUFZXHq+/mymFeZ6m4GFLEdC4j0efl9roPTSEYnA==
  dependencies:
    "@girs/gjs" "^4.0.0-beta.16"
    "@girs/glib-2.0" "^2.82.0-4.0.0-beta.16"
    "@girs/gobject-2.0" "^2.82.0-4.0.0-beta.16"

"@girs/gnome-shell@^46.0.2":
  version "46.0.2"
  resolved "https://registry.yarnpkg.com/@girs/gnome-shell/-/gnome-shell-46.0.2.tgz#681ae3f344898d254fd02bf93b0da87e9ff756e2"
  integrity sha512-3200N6FZstRaDndKm2lDZ7ZeeutJoa+dm8pqU1J6a7PYL0H+JGZIDtarcBWCfMBnIvcFeT7y8vgdooe8X3y3KA==
  dependencies:
    "@girs/accountsservice-1.0" "^1.0.0-4.0.0-beta.12"
    "@girs/adw-1" "^1.6.0-4.0.0-beta.12"
    "@girs/atk-1.0" "^2.52.0-4.0.0-beta.12"
    "@girs/cally-14" "^14.0.0-4.0.0-beta.12"
    "@girs/clutter-14" "^14.0.0-4.0.0-beta.12"
    "@girs/cogl-2.0" "^2.0.0-4.0.0-beta.12"
    "@girs/gcr-4" "^4.3.0-4.0.0-beta.12"
    "@girs/gdm-1.0" "^1.0.0-4.0.0-beta.12"
    "@girs/gio-2.0" "^2.80.3-4.0.0-beta.12"
    "@girs/gjs" "^4.0.0-beta.12"
    "@girs/glib-2.0" "^2.80.3-4.0.0-beta.12"
    "@girs/gnomebg-4.0" "^4.0.0-4.0.0-beta.12"
    "@girs/gnomebluetooth-3.0" "^3.0.0-4.0.0-beta.12"
    "@girs/gnomedesktop-4.0" "^4.0.0-4.0.0-beta.12"
    "@girs/gobject-2.0" "^2.80.3-4.0.0-beta.12"
    "@girs/gtk-4.0" "^4.14.4-4.0.0-beta.12"
    "@girs/gvc-1.0" "^1.0.0-4.0.0-beta.12"
    "@girs/meta-14" "^14.0.0-4.0.0-beta.12"
    "@girs/mtk-14" "^14.0.0-4.0.0-beta.12"
    "@girs/polkit-1.0" "^1.0.0-4.0.0-beta.12"
    "@girs/shell-14" "^14.0.0-4.0.0-beta.12"
    "@girs/shew-0" "^0.0.0-4.0.0-beta.12"
    "@girs/st-14" "^14.0.0-4.0.0-beta.12"
    "@girs/upowerglib-1.0" "^0.99.1-4.0.0-beta.12"

"@girs/gnomebg-4.0@^4.0.0-4.0.0-beta.12":
  version "4.0.0-4.0.0-beta.16"
  resolved "https://registry.yarnpkg.com/@girs/gnomebg-4.0/-/gnomebg-4.0-4.0.0-4.0.0-beta.16.tgz#25c61aaa9a984f8e9f5dc23be47568b1e9df009d"
  integrity sha512-d7wcZhYQ6irP2QZWKtyOommi2mw5wA1QfAcor+GkJgui25lwOmPVCwQhYmLLrh6fOj7Ao85bsqEc4dPNlA3tKA==
  dependencies:
    "@girs/cairo-1.0" "^1.0.0-4.0.0-beta.16"
    "@girs/freetype2-2.0" "^2.0.0-4.0.0-beta.16"
    "@girs/gdesktopenums-3.0" "^3.0.0-4.0.0-beta.16"
    "@girs/gdk-4.0" "^4.0.0-4.0.0-beta.16"
    "@girs/gdkpixbuf-2.0" "^2.0.0-4.0.0-beta.16"
    "@girs/gio-2.0" "^2.82.0-4.0.0-beta.16"
    "@girs/gjs" "^4.0.0-beta.16"
    "@girs/glib-2.0" "^2.82.0-4.0.0-beta.16"
    "@girs/gmodule-2.0" "^2.0.0-4.0.0-beta.16"
    "@girs/gnomedesktop-4.0" "^4.0.0-4.0.0-beta.16"
    "@girs/gobject-2.0" "^2.82.0-4.0.0-beta.16"
    "@girs/harfbuzz-0.0" "^9.0.0-4.0.0-beta.16"
    "@girs/pango-1.0" "^1.54.0-4.0.0-beta.16"
    "@girs/pangocairo-1.0" "^1.0.0-4.0.0-beta.16"

"@girs/gnomebluetooth-3.0@^3.0.0-4.0.0-beta.12":
  version "3.0.0-4.0.0-beta.16"
  resolved "https://registry.yarnpkg.com/@girs/gnomebluetooth-3.0/-/gnomebluetooth-3.0-3.0.0-4.0.0-beta.16.tgz#6ca207a811acb544b58f3723ceccc44837c197c1"
  integrity sha512-dsimuEiDX7c1FhrZtNoE3h8OBy4izXtg8VsiOGz6bB3nGOi9sEf36UR1iRiz4CHXULgnRc/hV3WWtFHxSsxh0A==
  dependencies:
    "@girs/gio-2.0" "^2.82.0-4.0.0-beta.16"
    "@girs/gjs" "^4.0.0-beta.16"
    "@girs/glib-2.0" "^2.82.0-4.0.0-beta.16"
    "@girs/gmodule-2.0" "^2.0.0-4.0.0-beta.16"
    "@girs/gobject-2.0" "^2.82.0-4.0.0-beta.16"

"@girs/gnomedesktop-4.0@^4.0.0-4.0.0-beta.12", "@girs/gnomedesktop-4.0@^4.0.0-4.0.0-beta.16":
  version "4.0.0-4.0.0-beta.16"
  resolved "https://registry.yarnpkg.com/@girs/gnomedesktop-4.0/-/gnomedesktop-4.0-4.0.0-4.0.0-beta.16.tgz#ec7aec3f444f735029784d5ba94edb4aa80d5e58"
  integrity sha512-BMClBGEMlaRQtoGUdYWl2rrUGICGsCHbQE/8q03jDLd27PfqzezedcLuPeMS9ElddHRn4GG3SFkrDyo/oPyWKw==
  dependencies:
    "@girs/gdesktopenums-3.0" "^3.0.0-4.0.0-beta.16"
    "@girs/gdkpixbuf-2.0" "^2.0.0-4.0.0-beta.16"
    "@girs/gio-2.0" "^2.82.0-4.0.0-beta.16"
    "@girs/gjs" "^4.0.0-beta.16"
    "@girs/glib-2.0" "^2.82.0-4.0.0-beta.16"
    "@girs/gmodule-2.0" "^2.0.0-4.0.0-beta.16"
    "@girs/gobject-2.0" "^2.82.0-4.0.0-beta.16"

"@girs/gobject-2.0@^2.80.3-4.0.0-beta.12", "@girs/gobject-2.0@^2.80.3-4.0.0-beta.14", "@girs/gobject-2.0@^2.80.3-4.0.0-beta.15":
  version "2.80.3-4.0.0-beta.15"
  resolved "https://registry.yarnpkg.com/@girs/gobject-2.0/-/gobject-2.0-2.80.3-4.0.0-beta.15.tgz#efc1e492a250f026cfb71d1b8450a0eca397aeb9"
  integrity sha512-/t1B/aaEMEa/MCIeBc69RQBI+b0kdUyY27FWIPNoG8QOXB4DNe07O9N3p1w7+QDmqw8dkLJMFexfFwdQ+5LC9w==
  dependencies:
    "@girs/gjs" "^4.0.0-beta.15"
    "@girs/glib-2.0" "^2.80.3-4.0.0-beta.15"

"@girs/gobject-2.0@^2.82.0-4.0.0-beta.16":
  version "2.82.0-4.0.0-beta.16"
  resolved "https://registry.yarnpkg.com/@girs/gobject-2.0/-/gobject-2.0-2.82.0-4.0.0-beta.16.tgz#8f5f5f23f20b8b67ef35ed4ab77fb135c9796ab3"
  integrity sha512-ziBHUMSVuoHlzhZrMvuJDSZPOR4HzRW+nk35aI3QW9TpHtIYTk6vWvY0EG0+ylzJlltT9C/kzoVvspyMulBZ5g==
  dependencies:
    "@girs/gjs" "^4.0.0-beta.16"
    "@girs/glib-2.0" "^2.82.0-4.0.0-beta.16"

"@girs/graphene-1.0@^1.0.0-4.0.0-beta.14", "@girs/graphene-1.0@^1.0.0-4.0.0-beta.16":
  version "1.0.0-4.0.0-beta.16"
  resolved "https://registry.yarnpkg.com/@girs/graphene-1.0/-/graphene-1.0-1.0.0-4.0.0-beta.16.tgz#45cb70670e59ddc0d74b5ecca9a2c1fbda0c37b1"
  integrity sha512-OQ1TfBQNwL19fe4PfubJwWVaQGQ5LyBf/5cQnRWYvuLGARS6lNCoLs5+/fGuukO4mxJK5/3A7sfh1DiapC2D5g==
  dependencies:
    "@girs/gjs" "^4.0.0-beta.16"
    "@girs/glib-2.0" "^2.82.0-4.0.0-beta.16"
    "@girs/gobject-2.0" "^2.82.0-4.0.0-beta.16"

"@girs/gsk-4.0@^4.0.0-4.0.0-beta.14", "@girs/gsk-4.0@^4.0.0-4.0.0-beta.16":
  version "4.0.0-4.0.0-beta.16"
  resolved "https://registry.yarnpkg.com/@girs/gsk-4.0/-/gsk-4.0-4.0.0-4.0.0-beta.16.tgz#a596f6f728e987c243c05f7ea380806c1ba0fc93"
  integrity sha512-dZB59dTMUJPiPj0Upy9DvaTTBAJ3b0c33kGuvZjsv8Lr4b+NGeCBouTCvBJYDWqNupuZKy2P/PjdsouJOLR4Jw==
  dependencies:
    "@girs/cairo-1.0" "^1.0.0-4.0.0-beta.16"
    "@girs/freetype2-2.0" "^2.0.0-4.0.0-beta.16"
    "@girs/gdk-4.0" "^4.0.0-4.0.0-beta.16"
    "@girs/gdkpixbuf-2.0" "^2.0.0-4.0.0-beta.16"
    "@girs/gio-2.0" "^2.82.0-4.0.0-beta.16"
    "@girs/gjs" "^4.0.0-beta.16"
    "@girs/glib-2.0" "^2.82.0-4.0.0-beta.16"
    "@girs/gmodule-2.0" "^2.0.0-4.0.0-beta.16"
    "@girs/gobject-2.0" "^2.82.0-4.0.0-beta.16"
    "@girs/graphene-1.0" "^1.0.0-4.0.0-beta.16"
    "@girs/harfbuzz-0.0" "^9.0.0-4.0.0-beta.16"
    "@girs/pango-1.0" "^1.54.0-4.0.0-beta.16"
    "@girs/pangocairo-1.0" "^1.0.0-4.0.0-beta.16"

"@girs/gtk-4.0@^4.14.4-4.0.0-beta.12":
  version "4.14.4-4.0.0-beta.14"
  resolved "https://registry.yarnpkg.com/@girs/gtk-4.0/-/gtk-4.0-4.14.4-4.0.0-beta.14.tgz#815c0c0218e4ad53c0e4f13c322877d5884bb02d"
  integrity sha512-5mUEWq7PBuxfGL//VEgRY2+1OwUm6ll6qW1yJ55skfVJWEyQo6TfGRhbortxtSgCx0yvZh3c0XLbgjYxuZ4SgQ==
  dependencies:
    "@girs/cairo-1.0" "^1.0.0-4.0.0-beta.14"
    "@girs/freetype2-2.0" "^2.0.0-4.0.0-beta.14"
    "@girs/gdk-4.0" "^4.0.0-4.0.0-beta.14"
    "@girs/gdkpixbuf-2.0" "^2.0.0-4.0.0-beta.14"
    "@girs/gio-2.0" "^2.80.3-4.0.0-beta.14"
    "@girs/gjs" "^4.0.0-beta.14"
    "@girs/glib-2.0" "^2.80.3-4.0.0-beta.14"
    "@girs/gmodule-2.0" "^2.0.0-4.0.0-beta.14"
    "@girs/gobject-2.0" "^2.80.3-4.0.0-beta.14"
    "@girs/graphene-1.0" "^1.0.0-4.0.0-beta.14"
    "@girs/gsk-4.0" "^4.0.0-4.0.0-beta.14"
    "@girs/harfbuzz-0.0" "^8.5.0-4.0.0-beta.14"
    "@girs/pango-1.0" "^1.54.0-4.0.0-beta.14"
    "@girs/pangocairo-1.0" "^1.0.0-4.0.0-beta.14"

"@girs/gtk-4.0@^4.15.5-4.0.0-beta.16":
  version "4.15.5-4.0.0-beta.16"
  resolved "https://registry.yarnpkg.com/@girs/gtk-4.0/-/gtk-4.0-4.15.5-4.0.0-beta.16.tgz#08cb3af4175ce28af3cc3e86907c5c57d2dd36b4"
  integrity sha512-WRXMigOONl5BkVENUS+lOnUNZOcZE6BXO6OOJTUOfooPYtr2jJkzv/90ZmXvWtd8TGZTXbfxDnuTk1nShkiDRA==
  dependencies:
    "@girs/cairo-1.0" "^1.0.0-4.0.0-beta.16"
    "@girs/freetype2-2.0" "^2.0.0-4.0.0-beta.16"
    "@girs/gdk-4.0" "^4.0.0-4.0.0-beta.16"
    "@girs/gdkpixbuf-2.0" "^2.0.0-4.0.0-beta.16"
    "@girs/gio-2.0" "^2.82.0-4.0.0-beta.16"
    "@girs/gjs" "^4.0.0-beta.16"
    "@girs/glib-2.0" "^2.82.0-4.0.0-beta.16"
    "@girs/gmodule-2.0" "^2.0.0-4.0.0-beta.16"
    "@girs/gobject-2.0" "^2.82.0-4.0.0-beta.16"
    "@girs/graphene-1.0" "^1.0.0-4.0.0-beta.16"
    "@girs/gsk-4.0" "^4.0.0-4.0.0-beta.16"
    "@girs/harfbuzz-0.0" "^9.0.0-4.0.0-beta.16"
    "@girs/pango-1.0" "^1.54.0-4.0.0-beta.16"
    "@girs/pangocairo-1.0" "^1.0.0-4.0.0-beta.16"

"@girs/gvc-1.0@^1.0.0-4.0.0-beta.12", "@girs/gvc-1.0@^1.0.0-4.0.0-beta.16":
  version "1.0.0-4.0.0-beta.16"
  resolved "https://registry.yarnpkg.com/@girs/gvc-1.0/-/gvc-1.0-1.0.0-4.0.0-beta.16.tgz#c820adf7d1f77974b3c2852e481d4adf1818a76b"
  integrity sha512-RTck6PZ3LLVWdZWtOAnWZSIBEnPQVKnZPuVhzIsW9lC/3WVxgjbkpewmhEyiotxWFoi0Df8lOxquyNDlmtpOWA==
  dependencies:
    "@girs/gio-2.0" "^2.82.0-4.0.0-beta.16"
    "@girs/gjs" "^4.0.0-beta.16"
    "@girs/glib-2.0" "^2.82.0-4.0.0-beta.16"
    "@girs/gmodule-2.0" "^2.0.0-4.0.0-beta.16"
    "@girs/gobject-2.0" "^2.82.0-4.0.0-beta.16"

"@girs/harfbuzz-0.0@^8.5.0-4.0.0-beta.14":
  version "8.5.0-4.0.0-beta.15"
  resolved "https://registry.yarnpkg.com/@girs/harfbuzz-0.0/-/harfbuzz-0.0-8.5.0-4.0.0-beta.15.tgz#64d3f588fe1b40a63a86db9d4a9e20af5cde8f1d"
  integrity sha512-GUVTmfWgNbc9EsoE9G8NuYBCLiIfj0BD07WfDKm2/vSJ7ZYEBNLnmva2pBj7JGqp565euEaTFf4aaGJAD5IN/g==
  dependencies:
    "@girs/freetype2-2.0" "^2.0.0-4.0.0-beta.15"
    "@girs/gjs" "^4.0.0-beta.15"
    "@girs/glib-2.0" "^2.80.3-4.0.0-beta.15"
    "@girs/gobject-2.0" "^2.80.3-4.0.0-beta.15"

"@girs/harfbuzz-0.0@^9.0.0-4.0.0-beta.16":
  version "9.0.0-4.0.0-beta.16"
  resolved "https://registry.yarnpkg.com/@girs/harfbuzz-0.0/-/harfbuzz-0.0-9.0.0-4.0.0-beta.16.tgz#5ed43266785271b3937b8c4a09f5dc537d45d537"
  integrity sha512-ONBRGCdBj668eComG25kOZVDU6HqRZWHIA42YYlB0JxF6Dgtu52sLiDoGXh00gkpATqnFbHfkDJhiL9EowGgIQ==
  dependencies:
    "@girs/freetype2-2.0" "^2.0.0-4.0.0-beta.16"
    "@girs/gjs" "^4.0.0-beta.16"
    "@girs/glib-2.0" "^2.82.0-4.0.0-beta.16"
    "@girs/gobject-2.0" "^2.82.0-4.0.0-beta.16"

"@girs/meta-14@^14.0.0-4.0.0-beta.12", "@girs/meta-14@^14.0.0-4.0.0-beta.16":
  version "14.0.0-4.0.0-beta.16"
  resolved "https://registry.yarnpkg.com/@girs/meta-14/-/meta-14-14.0.0-4.0.0-beta.16.tgz#142e1d2bd5aaafdb08122129989a784cb16f1c72"
  integrity sha512-Vjm6hvuow0n8r3RQ6VSI68PW3Ep1B/LUwXK7zCV+yCtOhq4CagiX2hDF7XWoBoUzk5jnCRnlRk8EAEoVYvraCg==
  dependencies:
    "@girs/atk-1.0" "^2.53.1-4.0.0-beta.16"
    "@girs/cairo-1.0" "^1.0.0-4.0.0-beta.16"
    "@girs/clutter-14" "^14.0.0-4.0.0-beta.16"
    "@girs/cogl-14" "^14.0.0-4.0.0-beta.16"
    "@girs/coglpango-14" "^14.0.0-4.0.0-beta.16"
    "@girs/freetype2-2.0" "^2.0.0-4.0.0-beta.16"
    "@girs/gdesktopenums-3.0" "^3.0.0-4.0.0-beta.16"
    "@girs/gio-2.0" "^2.82.0-4.0.0-beta.16"
    "@girs/gjs" "^4.0.0-beta.16"
    "@girs/gl-1.0" "^1.0.0-4.0.0-beta.16"
    "@girs/glib-2.0" "^2.82.0-4.0.0-beta.16"
    "@girs/gmodule-2.0" "^2.0.0-4.0.0-beta.16"
    "@girs/gobject-2.0" "^2.82.0-4.0.0-beta.16"
    "@girs/graphene-1.0" "^1.0.0-4.0.0-beta.16"
    "@girs/harfbuzz-0.0" "^9.0.0-4.0.0-beta.16"
    "@girs/mtk-14" "^14.0.0-4.0.0-beta.16"
    "@girs/pango-1.0" "^1.54.0-4.0.0-beta.16"
    "@girs/pangocairo-1.0" "^1.0.0-4.0.0-beta.16"
    "@girs/xfixes-4.0" "^4.0.0-4.0.0-beta.16"
    "@girs/xlib-2.0" "^2.0.0-4.0.0-beta.16"

"@girs/mtk-14@^14.0.0-4.0.0-beta.12", "@girs/mtk-14@^14.0.0-4.0.0-beta.16":
  version "14.0.0-4.0.0-beta.16"
  resolved "https://registry.yarnpkg.com/@girs/mtk-14/-/mtk-14-14.0.0-4.0.0-beta.16.tgz#41bccd9449d3379eb2c78aa1fa06995538d6046e"
  integrity sha512-tTbPg0f1MgQ6etGNFPrNPcy/c6FY3KgmNr9atvqYX6naGLo6PJHtEqkAYRCgpJO8wK2Lwm+xyo6cSupi15B/8w==
  dependencies:
    "@girs/gjs" "^4.0.0-beta.16"
    "@girs/glib-2.0" "^2.82.0-4.0.0-beta.16"
    "@girs/gobject-2.0" "^2.82.0-4.0.0-beta.16"
    "@girs/graphene-1.0" "^1.0.0-4.0.0-beta.16"

"@girs/nm-1.0@^1.49.4-4.0.0-beta.16":
  version "1.49.4-4.0.0-beta.16"
  resolved "https://registry.yarnpkg.com/@girs/nm-1.0/-/nm-1.0-1.49.4-4.0.0-beta.16.tgz#c8ec33146f9d7d1d6b84a059f0cffc7ab5e9ac05"
  integrity sha512-870ukR0j0TLYCGocig3vzkQyGjF5fWEdddhx2LCNju+UXwZaXpgoTw7sVfac5vnS35KzauEugNLIi8FQ+F/qmw==
  dependencies:
    "@girs/gio-2.0" "^2.82.0-4.0.0-beta.16"
    "@girs/gjs" "^4.0.0-beta.16"
    "@girs/glib-2.0" "^2.82.0-4.0.0-beta.16"
    "@girs/gmodule-2.0" "^2.0.0-4.0.0-beta.16"
    "@girs/gobject-2.0" "^2.82.0-4.0.0-beta.16"

"@girs/pango-1.0@^1.54.0-4.0.0-beta.14", "@girs/pango-1.0@^1.54.0-4.0.0-beta.16":
  version "1.54.0-4.0.0-beta.16"
  resolved "https://registry.yarnpkg.com/@girs/pango-1.0/-/pango-1.0-1.54.0-4.0.0-beta.16.tgz#887e118e9239130ce40aa0208ac4d7155ba13ebe"
  integrity sha512-EY1/70Q1eZ8B3DlkB+QKgK4BLRM2B0sl8tZiHxy99H72Yl+DW2yqyXrG5mx5TxVfphd2hB5x3+vREej15XSgRQ==
  dependencies:
    "@girs/cairo-1.0" "^1.0.0-4.0.0-beta.16"
    "@girs/freetype2-2.0" "^2.0.0-4.0.0-beta.16"
    "@girs/gio-2.0" "^2.82.0-4.0.0-beta.16"
    "@girs/gjs" "^4.0.0-beta.16"
    "@girs/glib-2.0" "^2.82.0-4.0.0-beta.16"
    "@girs/gmodule-2.0" "^2.0.0-4.0.0-beta.16"
    "@girs/gobject-2.0" "^2.82.0-4.0.0-beta.16"
    "@girs/harfbuzz-0.0" "^9.0.0-4.0.0-beta.16"

"@girs/pangocairo-1.0@^1.0.0-4.0.0-beta.14", "@girs/pangocairo-1.0@^1.0.0-4.0.0-beta.16":
  version "1.0.0-4.0.0-beta.16"
  resolved "https://registry.yarnpkg.com/@girs/pangocairo-1.0/-/pangocairo-1.0-1.0.0-4.0.0-beta.16.tgz#647589251e70ced323b828b71a41e20ae50c630c"
  integrity sha512-2UfGwcXmKs2ddODH3eNlCNDQdIBNmEXxAcZ3Ov0MNarzyN6yT+/loDWVUR69jFa3865OLBCXE5Pz7qrv+mQE8w==
  dependencies:
    "@girs/cairo-1.0" "^1.0.0-4.0.0-beta.16"
    "@girs/freetype2-2.0" "^2.0.0-4.0.0-beta.16"
    "@girs/gio-2.0" "^2.82.0-4.0.0-beta.16"
    "@girs/gjs" "^4.0.0-beta.16"
    "@girs/glib-2.0" "^2.82.0-4.0.0-beta.16"
    "@girs/gmodule-2.0" "^2.0.0-4.0.0-beta.16"
    "@girs/gobject-2.0" "^2.82.0-4.0.0-beta.16"
    "@girs/harfbuzz-0.0" "^9.0.0-4.0.0-beta.16"
    "@girs/pango-1.0" "^1.54.0-4.0.0-beta.16"

"@girs/polkit-1.0@^1.0.0-4.0.0-beta.12", "@girs/polkit-1.0@^1.0.0-4.0.0-beta.16":
  version "1.0.0-4.0.0-beta.16"
  resolved "https://registry.yarnpkg.com/@girs/polkit-1.0/-/polkit-1.0-1.0.0-4.0.0-beta.16.tgz#1114253cbdf5aaf009ec92f0ef46cad8f012d245"
  integrity sha512-nZNcGUki2BtYjWvGnON9EgIVYfEw6zJ4zt8I3FLPszaBhGR74X7U0qtvm8DPakVXPFdK04jK4hjfNNu/QiLrJw==
  dependencies:
    "@girs/gio-2.0" "^2.82.0-4.0.0-beta.16"
    "@girs/gjs" "^4.0.0-beta.16"
    "@girs/glib-2.0" "^2.82.0-4.0.0-beta.16"
    "@girs/gmodule-2.0" "^2.0.0-4.0.0-beta.16"
    "@girs/gobject-2.0" "^2.82.0-4.0.0-beta.16"

"@girs/polkitagent-1.0@^1.0.0-4.0.0-beta.16":
  version "1.0.0-4.0.0-beta.16"
  resolved "https://registry.yarnpkg.com/@girs/polkitagent-1.0/-/polkitagent-1.0-1.0.0-4.0.0-beta.16.tgz#85293177120b7c5392d91a26e1c2addf52043ef4"
  integrity sha512-/D3DzLpELixAkfbF1g87P4Xdx9yNg3t9B6MjI8GvDzC3G0GdbP6XAFS1fHslsm/NrHp0SOrASTt2gRTE+v9uUg==
  dependencies:
    "@girs/gio-2.0" "^2.82.0-4.0.0-beta.16"
    "@girs/gjs" "^4.0.0-beta.16"
    "@girs/glib-2.0" "^2.82.0-4.0.0-beta.16"
    "@girs/gmodule-2.0" "^2.0.0-4.0.0-beta.16"
    "@girs/gobject-2.0" "^2.82.0-4.0.0-beta.16"
    "@girs/polkit-1.0" "^1.0.0-4.0.0-beta.16"

"@girs/shell-14@^14.0.0-4.0.0-beta.12":
  version "14.0.0-4.0.0-beta.16"
  resolved "https://registry.yarnpkg.com/@girs/shell-14/-/shell-14-14.0.0-4.0.0-beta.16.tgz#d4bba8ece7ccd2fe37bf84430c17174c489b185d"
  integrity sha512-LQZT7BgnQIZWgBWD0Zmrq1EhOaU41MtDxcrZ4ZdouiSjx5p6ovEr4MxwcOwWq5HG+V6VGFgMRNtwWqpPezT0pg==
  dependencies:
    "@girs/atk-1.0" "^2.53.1-4.0.0-beta.16"
    "@girs/cairo-1.0" "^1.0.0-4.0.0-beta.16"
    "@girs/cally-14" "^14.0.0-4.0.0-beta.16"
    "@girs/clutter-14" "^14.0.0-4.0.0-beta.16"
    "@girs/cogl-14" "^14.0.0-4.0.0-beta.16"
    "@girs/coglpango-14" "^14.0.0-4.0.0-beta.16"
    "@girs/freetype2-2.0" "^2.0.0-4.0.0-beta.16"
    "@girs/gck-2" "^4.3.0-4.0.0-beta.16"
    "@girs/gcr-4" "^4.3.0-4.0.0-beta.16"
    "@girs/gdesktopenums-3.0" "^3.0.0-4.0.0-beta.16"
    "@girs/gdkpixbuf-2.0" "^2.0.0-4.0.0-beta.16"
    "@girs/gio-2.0" "^2.82.0-4.0.0-beta.16"
    "@girs/gjs" "^4.0.0-beta.16"
    "@girs/gl-1.0" "^1.0.0-4.0.0-beta.16"
    "@girs/glib-2.0" "^2.82.0-4.0.0-beta.16"
    "@girs/gmodule-2.0" "^2.0.0-4.0.0-beta.16"
    "@girs/gobject-2.0" "^2.82.0-4.0.0-beta.16"
    "@girs/graphene-1.0" "^1.0.0-4.0.0-beta.16"
    "@girs/gvc-1.0" "^1.0.0-4.0.0-beta.16"
    "@girs/harfbuzz-0.0" "^9.0.0-4.0.0-beta.16"
    "@girs/meta-14" "^14.0.0-4.0.0-beta.16"
    "@girs/mtk-14" "^14.0.0-4.0.0-beta.16"
    "@girs/nm-1.0" "^1.49.4-4.0.0-beta.16"
    "@girs/pango-1.0" "^1.54.0-4.0.0-beta.16"
    "@girs/pangocairo-1.0" "^1.0.0-4.0.0-beta.16"
    "@girs/polkit-1.0" "^1.0.0-4.0.0-beta.16"
    "@girs/polkitagent-1.0" "^1.0.0-4.0.0-beta.16"
    "@girs/st-14" "^14.0.0-4.0.0-beta.16"
    "@girs/xfixes-4.0" "^4.0.0-4.0.0-beta.16"
    "@girs/xlib-2.0" "^2.0.0-4.0.0-beta.16"

"@girs/shew-0@^0.0.0-4.0.0-beta.12":
  version "0.0.0-4.0.0-beta.16"
  resolved "https://registry.yarnpkg.com/@girs/shew-0/-/shew-0-0.0.0-4.0.0-beta.16.tgz#e7790ff19f843a1091eea7762629e553d076594d"
  integrity sha512-dHCjwR/gx3l3EOHK+xakqOlnH3DS2jYuEmm96FORKuk3SWnYh62rEFQF48ShjjO6VovVEgACyy3S+lW0KGm3fA==
  dependencies:
    "@girs/cairo-1.0" "^1.0.0-4.0.0-beta.16"
    "@girs/freetype2-2.0" "^2.0.0-4.0.0-beta.16"
    "@girs/gdk-4.0" "^4.0.0-4.0.0-beta.16"
    "@girs/gdkpixbuf-2.0" "^2.0.0-4.0.0-beta.16"
    "@girs/gio-2.0" "^2.82.0-4.0.0-beta.16"
    "@girs/gjs" "^4.0.0-beta.16"
    "@girs/glib-2.0" "^2.82.0-4.0.0-beta.16"
    "@girs/gmodule-2.0" "^2.0.0-4.0.0-beta.16"
    "@girs/gobject-2.0" "^2.82.0-4.0.0-beta.16"
    "@girs/graphene-1.0" "^1.0.0-4.0.0-beta.16"
    "@girs/gsk-4.0" "^4.0.0-4.0.0-beta.16"
    "@girs/gtk-4.0" "^4.15.5-4.0.0-beta.16"
    "@girs/harfbuzz-0.0" "^9.0.0-4.0.0-beta.16"
    "@girs/pango-1.0" "^1.54.0-4.0.0-beta.16"
    "@girs/pangocairo-1.0" "^1.0.0-4.0.0-beta.16"

"@girs/st-14@^14.0.0-4.0.0-beta.12", "@girs/st-14@^14.0.0-4.0.0-beta.16":
  version "14.0.0-4.0.0-beta.16"
  resolved "https://registry.yarnpkg.com/@girs/st-14/-/st-14-14.0.0-4.0.0-beta.16.tgz#90f175dd9e047f7b5bceb2effaa12fc1c92890d4"
  integrity sha512-0sQASAYDkPp+3x7TVUcxAapEZK4KVhhchaYspMl2IxntsU+YhkgSzxXVUlvHD0eC6Xk6T3BunvJkOsP463SmZg==
  dependencies:
    "@girs/atk-1.0" "^2.53.1-4.0.0-beta.16"
    "@girs/cairo-1.0" "^1.0.0-4.0.0-beta.16"
    "@girs/cally-14" "^14.0.0-4.0.0-beta.16"
    "@girs/clutter-14" "^14.0.0-4.0.0-beta.16"
    "@girs/cogl-14" "^14.0.0-4.0.0-beta.16"
    "@girs/coglpango-14" "^14.0.0-4.0.0-beta.16"
    "@girs/freetype2-2.0" "^2.0.0-4.0.0-beta.16"
    "@girs/gdesktopenums-3.0" "^3.0.0-4.0.0-beta.16"
    "@girs/gdkpixbuf-2.0" "^2.0.0-4.0.0-beta.16"
    "@girs/gio-2.0" "^2.82.0-4.0.0-beta.16"
    "@girs/gjs" "^4.0.0-beta.16"
    "@girs/gl-1.0" "^1.0.0-4.0.0-beta.16"
    "@girs/glib-2.0" "^2.82.0-4.0.0-beta.16"
    "@girs/gmodule-2.0" "^2.0.0-4.0.0-beta.16"
    "@girs/gobject-2.0" "^2.82.0-4.0.0-beta.16"
    "@girs/graphene-1.0" "^1.0.0-4.0.0-beta.16"
    "@girs/harfbuzz-0.0" "^9.0.0-4.0.0-beta.16"
    "@girs/meta-14" "^14.0.0-4.0.0-beta.16"
    "@girs/mtk-14" "^14.0.0-4.0.0-beta.16"
    "@girs/pango-1.0" "^1.54.0-4.0.0-beta.16"
    "@girs/pangocairo-1.0" "^1.0.0-4.0.0-beta.16"
    "@girs/xfixes-4.0" "^4.0.0-4.0.0-beta.16"
    "@girs/xlib-2.0" "^2.0.0-4.0.0-beta.16"

"@girs/upowerglib-1.0@^0.99.1-4.0.0-beta.12":
  version "0.99.1-4.0.0-beta.15"
  resolved "https://registry.yarnpkg.com/@girs/upowerglib-1.0/-/upowerglib-1.0-0.99.1-4.0.0-beta.15.tgz#1792a6bf5e0c1259bdd4a1df9d97d222158475a2"
  integrity sha512-t7NL7XaUVWgh/DFFHdoI2e2dnsxu0NXH5j1EtNDN59RLwrENNIP4JCmVG87eJN5152RNdcZgf2UEONcpguFMzQ==
  dependencies:
    "@girs/gio-2.0" "^2.80.3-4.0.0-beta.15"
    "@girs/gjs" "^4.0.0-beta.15"
    "@girs/glib-2.0" "^2.80.3-4.0.0-beta.15"
    "@girs/gobject-2.0" "^2.80.3-4.0.0-beta.15"

"@girs/xfixes-4.0@^4.0.0-4.0.0-beta.16":
  version "4.0.0-4.0.0-beta.16"
  resolved "https://registry.yarnpkg.com/@girs/xfixes-4.0/-/xfixes-4.0-4.0.0-4.0.0-beta.16.tgz#b9dd8e2d08881196966d8217efac745bc9039a3e"
  integrity sha512-p2fVJ2eBuLNY1kq+8p+g0DfCxEnZxG/WvWfRGEVOEwas951tyfTeixPKqeUTXWWlcck2m0Mcly7AL4nWKnFG6g==
  dependencies:
    "@girs/gjs" "^4.0.0-beta.16"
    "@girs/gobject-2.0" "^2.82.0-4.0.0-beta.16"

"@girs/xlib-2.0@^2.0.0-4.0.0-beta.16":
  version "2.0.0-4.0.0-beta.16"
  resolved "https://registry.yarnpkg.com/@girs/xlib-2.0/-/xlib-2.0-2.0.0-4.0.0-beta.16.tgz#b4564ffb91fd3a5d66a84cc94d44310e63bee65d"
  integrity sha512-3psJcqSWvPXBgWrLfNfbxuvY8LkNueGfy4xawSYovaxasS7QRKpU5QN83fdl6rV4NYfJ1DZnij0TdpXmvS3eWA==
  dependencies:
    "@girs/gjs" "^4.0.0-beta.16"
    "@girs/gobject-2.0" "^2.82.0-4.0.0-beta.16"

typescript@^5.6.3:
  version "5.6.3"
  resolved "https://registry.yarnpkg.com/typescript/-/typescript-5.6.3.tgz#5f3449e31c9d94febb17de03cc081dd56d81db5b"
  integrity sha512-hjcS1mhfuyi4WW8IWtjP7brDrG2cuDZukyrYrSauoXGNgx0S7zceP07adYkJycEr56BOUTNPzbInooiN3fn1qw==
